
Microsoft Visual Studio Solution File, Format Version 12.00
# Visual Studio 14
VisualStudioVersion = 14.0.25420.1
MinimumVisualStudioVersion = 10.0.40219.1
Project("{FAE04EC0-301F-11D3-BF4B-00C04F79EFBC}") = "GeradorNF.UI", "GeradorNF.UI\GeradorNF.UI.csproj", "{4214660E-6EF0-482A-9817-D9FC7D5A99CA}"
EndProject
Project("{FAE04EC0-301F-11D3-BF4B-00C04F79EFBC}") = "GeradorNF.Model", "GeradorNF.Model\GeradorNF.Model.csproj", "{87481052-017F-40F4-A45F-7F5C94117B8A}"
EndProject
Project("{FAE04EC0-301F-11D3-BF4B-00C04F79EFBC}") = "GeradorNF.BLL", "GeradorNF.BLL\GeradorNF.BLL.csproj", "{9C31804C-7884-4FD4-8DE8-B2E94866C161}"
EndProject
Project("{FAE04EC0-301F-11D3-BF4B-00C04F79EFBC}") = "GeradorNF.DAO", "GeradorNF.DAO\GeradorNF.DAO.csproj", "{138DA074-E7F5-472A-A213-A0C4E90C6CC2}"
EndProject
Project("{FAE04EC0-301F-11D3-BF4B-00C04F79EFBC}") = "GeradorNF.Tests", "GeradorNF.Tests\GeradorNF.Tests.csproj", "{0C1BDCF0-7AF6-4763-8ECD-A6E7C323904F}"
EndProject
Project("{FAE04EC0-301F-11D3-BF4B-00C04F79EFBC}") = "GeradroNF.WPF", "GeradroNF.WPF\GeradroNF.WPF.csproj", "{528E5E7A-C307-461F-976B-E6E0FC835491}"
EndProject
Global
	GlobalSection(SolutionConfigurationPlatforms) = preSolution
		Debug|Any CPU = Debug|Any CPU
		Release|Any CPU = Release|Any CPU
	EndGlobalSection
	GlobalSection(ProjectConfigurationPlatforms) = postSolution
		{4214660E-6EF0-482A-9817-D9FC7D5A99CA}.Debug|Any CPU.ActiveCfg = Debug|Any CPU
		{4214660E-6EF0-482A-9817-D9FC7D5A99CA}.Debug|Any CPU.Build.0 = Debug|Any CPU
		{4214660E-6EF0-482A-9817-D9FC7D5A99CA}.Release|Any CPU.ActiveCfg = Release|Any CPU
		{4214660E-6EF0-482A-9817-D9FC7D5A99CA}.Release|Any CPU.Build.0 = Release|Any CPU
		{87481052-017F-40F4-A45F-7F5C94117B8A}.Debug|Any CPU.ActiveCfg = Debug|Any CPU
		{87481052-017F-40F4-A45F-7F5C94117B8A}.Debug|Any CPU.Build.0 = Debug|Any CPU
		{87481052-017F-40F4-A45F-7F5C94117B8A}.Release|Any CPU.ActiveCfg = Release|Any CPU
		{87481052-017F-40F4-A45F-7F5C94117B8A}.Release|Any CPU.Build.0 = Release|Any CPU
		{9C31804C-7884-4FD4-8DE8-B2E94866C161}.Debug|Any CPU.ActiveCfg = Debug|Any CPU
		{9C31804C-7884-4FD4-8DE8-B2E94866C161}.Debug|Any CPU.Build.0 = Debug|Any CPU
		{9C31804C-7884-4FD4-8DE8-B2E94866C161}.Release|Any CPU.ActiveCfg = Release|Any CPU
		{9C31804C-7884-4FD4-8DE8-B2E94866C161}.Release|Any CPU.Build.0 = Release|Any CPU
		{138DA074-E7F5-472A-A213-A0C4E90C6CC2}.Debug|Any CPU.ActiveCfg = Debug|Any CPU
		{138DA074-E7F5-472A-A213-A0C4E90C6CC2}.Debug|Any CPU.Build.0 = Debug|Any CPU
		{138DA074-E7F5-472A-A213-A0C4E90C6CC2}.Release|Any CPU.ActiveCfg = Release|Any CPU
		{138DA074-E7F5-472A-A213-A0C4E90C6CC2}.Release|Any CPU.Build.0 = Release|Any CPU
		{0C1BDCF0-7AF6-4763-8ECD-A6E7C323904F}.Debug|Any CPU.ActiveCfg = Debug|Any CPU
		{0C1BDCF0-7AF6-4763-8ECD-A6E7C323904F}.Debug|Any CPU.Build.0 = Debug|Any CPU
		{0C1BDCF0-7AF6-4763-8ECD-A6E7C323904F}.Release|Any CPU.ActiveCfg = Release|Any CPU
		{0C1BDCF0-7AF6-4763-8ECD-A6E7C323904F}.Release|Any CPU.Build.0 = Release|Any CPU
		{528E5E7A-C307-461F-976B-E6E0FC835491}.Debug|Any CPU.ActiveCfg = Debug|Any CPU
		{528E5E7A-C307-461F-976B-E6E0FC835491}.Debug|Any CPU.Build.0 = Debug|Any CPU
		{528E5E7A-C307-461F-976B-E6E0FC835491}.Release|Any CPU.ActiveCfg = Release|Any CPU
		{528E5E7A-C307-461F-976B-E6E0FC835491}.Release|Any CPU.Build.0 = Release|Any CPU
	EndGlobalSection
	GlobalSection(SolutionProperties) = preSolution
		HideSolutionNode = FALSE
	EndGlobalSection
EndGlobal
